
Microsoft Visual Studio Solution File, Format Version 12.00
# Visual Studio Version 16
VisualStudioVersion = 16.0.31613.86
MinimumVisualStudioVersion = 10.0.40219.1
Project("{FAE04EC0-301F-11D3-BF4B-00C04F79EFBC}") = "my-book", "my-book\my-book.csproj", "{3A0D7EFD-3258-47AB-954F-DBA7574387FC}"
EndProject
Global
	GlobalSection(SolutionConfigurationPlatforms) = preSolution
		Debug|Any CPU = Debug|Any CPU
		Release|Any CPU = Release|Any CPU
	EndGlobalSection
	GlobalSection(ProjectConfigurationPlatforms) = postSolution
		{3A0D7EFD-3258-47AB-954F-DBA7574387FC}.Debug|Any CPU.ActiveCfg = Debug|Any CPU
		{3A0D7EFD-3258-47AB-954F-DBA7574387FC}.Debug|Any CPU.Build.0 = Debug|Any CPU
		{3A0D7EFD-3258-47AB-954F-DBA7574387FC}.Release|Any CPU.ActiveCfg = Release|Any CPU
		{3A0D7EFD-3258-47AB-954F-DBA7574387FC}.Release|Any CPU.Build.0 = Release|Any CPU
	EndGlobalSection
	GlobalSection(SolutionProperties) = preSolution
		HideSolutionNode = FALSE
	EndGlobalSection
	GlobalSection(ExtensibilityGlobals) = postSolution
		SolutionGuid = {90C3C0A5-F515-4A66-82C4-3FCC9B506754}
	EndGlobalSection
EndGlobal
